
Microsoft Visual Studio Solution File, Format Version 12.00
# Visual Studio 14
VisualStudioVersion = 14.0.25420.1
MinimumVisualStudioVersion = 10.0.40219.1
Project("{FAE04EC0-301F-11D3-BF4B-00C04F79EFBC}") = "Blog.Common", "Blog.Common\Blog.Common.csproj", "{C190317C-0026-4CCB-B5A5-CAEB7DBF2BAE}"
EndProject
Project("{FAE04EC0-301F-11D3-BF4B-00C04F79EFBC}") = "Blog.Data", "Blog.Data\Blog.Data.csproj", "{737436CF-9E7A-467A-AA81-387722721520}"
EndProject
Project("{FAE04EC0-301F-11D3-BF4B-00C04F79EFBC}") = "Blog.Model", "Blog.Model\Blog.Model.csproj", "{166BD9C4-A059-41E9-A7C3-980261759862}"
EndProject
Project("{FAE04EC0-301F-11D3-BF4B-00C04F79EFBC}") = "Blog.Service", "Blog.Service\Blog.Service.csproj", "{AC0C642A-C5D2-4DB3-A851-3767EF9C550B}"
EndProject
Project("{FAE04EC0-301F-11D3-BF4B-00C04F79EFBC}") = "Blog.UnitTest", "Blog.UnitTest\Blog.UnitTest.csproj", "{C09B2ED2-FC2E-485D-942A-E2E13A44EFD6}"
EndProject
Project("{FAE04EC0-301F-11D3-BF4B-00C04F79EFBC}") = "Blog.Web", "Blog.Web\Blog.Web.csproj", "{3CAE2EA8-B803-4A8A-9C84-CCF6B723C631}"
EndProject
Global
	GlobalSection(SolutionConfigurationPlatforms) = preSolution
		Debug|Any CPU = Debug|Any CPU
		Release|Any CPU = Release|Any CPU
	EndGlobalSection
	GlobalSection(ProjectConfigurationPlatforms) = postSolution
		{C190317C-0026-4CCB-B5A5-CAEB7DBF2BAE}.Debug|Any CPU.ActiveCfg = Debug|Any CPU
		{C190317C-0026-4CCB-B5A5-CAEB7DBF2BAE}.Debug|Any CPU.Build.0 = Debug|Any CPU
		{C190317C-0026-4CCB-B5A5-CAEB7DBF2BAE}.Release|Any CPU.ActiveCfg = Release|Any CPU
		{C190317C-0026-4CCB-B5A5-CAEB7DBF2BAE}.Release|Any CPU.Build.0 = Release|Any CPU
		{737436CF-9E7A-467A-AA81-387722721520}.Debug|Any CPU.ActiveCfg = Debug|Any CPU
		{737436CF-9E7A-467A-AA81-387722721520}.Debug|Any CPU.Build.0 = Debug|Any CPU
		{737436CF-9E7A-467A-AA81-387722721520}.Release|Any CPU.ActiveCfg = Release|Any CPU
		{737436CF-9E7A-467A-AA81-387722721520}.Release|Any CPU.Build.0 = Release|Any CPU
		{166BD9C4-A059-41E9-A7C3-980261759862}.Debug|Any CPU.ActiveCfg = Debug|Any CPU
		{166BD9C4-A059-41E9-A7C3-980261759862}.Debug|Any CPU.Build.0 = Debug|Any CPU
		{166BD9C4-A059-41E9-A7C3-980261759862}.Release|Any CPU.ActiveCfg = Release|Any CPU
		{166BD9C4-A059-41E9-A7C3-980261759862}.Release|Any CPU.Build.0 = Release|Any CPU
		{AC0C642A-C5D2-4DB3-A851-3767EF9C550B}.Debug|Any CPU.ActiveCfg = Debug|Any CPU
		{AC0C642A-C5D2-4DB3-A851-3767EF9C550B}.Debug|Any CPU.Build.0 = Debug|Any CPU
		{AC0C642A-C5D2-4DB3-A851-3767EF9C550B}.Release|Any CPU.ActiveCfg = Release|Any CPU
		{AC0C642A-C5D2-4DB3-A851-3767EF9C550B}.Release|Any CPU.Build.0 = Release|Any CPU
		{C09B2ED2-FC2E-485D-942A-E2E13A44EFD6}.Debug|Any CPU.ActiveCfg = Debug|Any CPU
		{C09B2ED2-FC2E-485D-942A-E2E13A44EFD6}.Debug|Any CPU.Build.0 = Debug|Any CPU
		{C09B2ED2-FC2E-485D-942A-E2E13A44EFD6}.Release|Any CPU.ActiveCfg = Release|Any CPU
		{C09B2ED2-FC2E-485D-942A-E2E13A44EFD6}.Release|Any CPU.Build.0 = Release|Any CPU
		{3CAE2EA8-B803-4A8A-9C84-CCF6B723C631}.Debug|Any CPU.ActiveCfg = Debug|Any CPU
		{3CAE2EA8-B803-4A8A-9C84-CCF6B723C631}.Debug|Any CPU.Build.0 = Debug|Any CPU
		{3CAE2EA8-B803-4A8A-9C84-CCF6B723C631}.Release|Any CPU.ActiveCfg = Release|Any CPU
		{3CAE2EA8-B803-4A8A-9C84-CCF6B723C631}.Release|Any CPU.Build.0 = Release|Any CPU
	EndGlobalSection
	GlobalSection(SolutionProperties) = preSolution
		HideSolutionNode = FALSE
	EndGlobalSection
EndGlobal
